// !$*UTF8*$!
{
	archiveVersion = 1;
	classes = {
	};
	objectVersion = 50;
	objects = {

/* Begin PBXBuildFile section */
		0357EA18A3680BB626B76A7D /* Pods_MVVMwithRx.framework in Frameworks */ = {isa = PBXBuildFile; fileRef = 9ADD71F0C635575CA54AB6B7 /* Pods_MVVMwithRx.framework */; };
		57192847226FEE1C0036C60A /* Model.swift in Sources */ = {isa = PBXBuildFile; fileRef = 57192846226FEE1C0036C60A /* Model.swift */; };
		57662588229CF0910072ACFB /* textValidationViewController.swift in Sources */ = {isa = PBXBuildFile; fileRef = 57662587229CF0910072ACFB /* textValidationViewController.swift */; };
		5766258A229CF0A30072ACFB /* textValidationViewModel.swift in Sources */ = {isa = PBXBuildFile; fileRef = 57662589229CF0A30072ACFB /* textValidationViewModel.swift */; };
		5766258C229CF0B00072ACFB /* textValidationModel.swift in Sources */ = {isa = PBXBuildFile; fileRef = 5766258B229CF0B00072ACFB /* textValidationModel.swift */; };
		57862C71226E79C0003689E7 /* AppDelegate.swift in Sources */ = {isa = PBXBuildFile; fileRef = 57862C70226E79C0003689E7 /* AppDelegate.swift */; };
		57862C73226E79C0003689E7 /* ViewController.swift in Sources */ = {isa = PBXBuildFile; fileRef = 57862C72226E79C0003689E7 /* ViewController.swift */; };
		57862C76226E79C0003689E7 /* Main.storyboard in Resources */ = {isa = PBXBuildFile; fileRef = 57862C74226E79C0003689E7 /* Main.storyboard */; };
		57862C78226E79C3003689E7 /* Assets.xcassets in Resources */ = {isa = PBXBuildFile; fileRef = 57862C77226E79C3003689E7 /* Assets.xcassets */; };
		57862C7B226E79C3003689E7 /* LaunchScreen.storyboard in Resources */ = {isa = PBXBuildFile; fileRef = 57862C79226E79C3003689E7 /* LaunchScreen.storyboard */; };
		57862C83226E7EFB003689E7 /* ViewModel.swift in Sources */ = {isa = PBXBuildFile; fileRef = 57862C82226E7EFB003689E7 /* ViewModel.swift */; };
		578D944F228C3EC30059C73F /* RxDatasourceModel.swift in Sources */ = {isa = PBXBuildFile; fileRef = 578D944E228C3EC30059C73F /* RxDatasourceModel.swift */; };
		578D9451228C42E60059C73F /* RxDataSourcesViewModel.swift in Sources */ = {isa = PBXBuildFile; fileRef = 578D9450228C42E60059C73F /* RxDataSourcesViewModel.swift */; };
		578D9453228C457A0059C73F /* RxDataSourcesViewController.swift in Sources */ = {isa = PBXBuildFile; fileRef = 578D9452228C457A0059C73F /* RxDataSourcesViewController.swift */; };
/* End PBXBuildFile section */

/* Begin PBXFileReference section */
		398606B8CF2057E39C1D9E77 /* Pods-MVVMwithRx.debug.xcconfig */ = {isa = PBXFileReference; includeInIndex = 1; lastKnownFileType = text.xcconfig; name = "Pods-MVVMwithRx.debug.xcconfig"; path = "Target Support Files/Pods-MVVMwithRx/Pods-MVVMwithRx.debug.xcconfig"; sourceTree = "<group>"; };
		57192846226FEE1C0036C60A /* Model.swift */ = {isa = PBXFileReference; lastKnownFileType = sourcecode.swift; path = Model.swift; sourceTree = "<group>"; };
		57662587229CF0910072ACFB /* textValidationViewController.swift */ = {isa = PBXFileReference; lastKnownFileType = sourcecode.swift; path = textValidationViewController.swift; sourceTree = "<group>"; };
		57662589229CF0A30072ACFB /* textValidationViewModel.swift */ = {isa = PBXFileReference; lastKnownFileType = sourcecode.swift; path = textValidationViewModel.swift; sourceTree = "<group>"; };
		5766258B229CF0B00072ACFB /* textValidationModel.swift */ = {isa = PBXFileReference; lastKnownFileType = sourcecode.swift; path = textValidationModel.swift; sourceTree = "<group>"; };
		57862C6D226E79C0003689E7 /* MVVMwithRx.app */ = {isa = PBXFileReference; explicitFileType = wrapper.application; includeInIndex = 0; path = MVVMwithRx.app; sourceTree = BUILT_PRODUCTS_DIR; };
		57862C70226E79C0003689E7 /* AppDelegate.swift */ = {isa = PBXFileReference; lastKnownFileType = sourcecode.swift; path = AppDelegate.swift; sourceTree = "<group>"; };
		57862C72226E79C0003689E7 /* ViewController.swift */ = {isa = PBXFileReference; lastKnownFileType = sourcecode.swift; path = ViewController.swift; sourceTree = "<group>"; };
		57862C75226E79C0003689E7 /* Base */ = {isa = PBXFileReference; lastKnownFileType = file.storyboard; name = Base; path = Base.lproj/Main.storyboard; sourceTree = "<group>"; };
		57862C77226E79C3003689E7 /* Assets.xcassets */ = {isa = PBXFileReference; lastKnownFileType = folder.assetcatalog; path = Assets.xcassets; sourceTree = "<group>"; };
		57862C7A226E79C3003689E7 /* Base */ = {isa = PBXFileReference; lastKnownFileType = file.storyboard; name = Base; path = Base.lproj/LaunchScreen.storyboard; sourceTree = "<group>"; };
		57862C7C226E79C3003689E7 /* Info.plist */ = {isa = PBXFileReference; lastKnownFileType = text.plist.xml; path = Info.plist; sourceTree = "<group>"; };
		57862C82226E7EFB003689E7 /* ViewModel.swift */ = {isa = PBXFileReference; lastKnownFileType = sourcecode.swift; path = ViewModel.swift; sourceTree = "<group>"; };
		578D944E228C3EC30059C73F /* RxDatasourceModel.swift */ = {isa = PBXFileReference; lastKnownFileType = sourcecode.swift; path = RxDatasourceModel.swift; sourceTree = "<group>"; };
		578D9450228C42E60059C73F /* RxDataSourcesViewModel.swift */ = {isa = PBXFileReference; lastKnownFileType = sourcecode.swift; path = RxDataSourcesViewModel.swift; sourceTree = "<group>"; };
		578D9452228C457A0059C73F /* RxDataSourcesViewController.swift */ = {isa = PBXFileReference; lastKnownFileType = sourcecode.swift; path = RxDataSourcesViewController.swift; sourceTree = "<group>"; };
		6DA144FFA069D678F7E054CD /* Pods-MVVMwithRx.release.xcconfig */ = {isa = PBXFileReference; includeInIndex = 1; lastKnownFileType = text.xcconfig; name = "Pods-MVVMwithRx.release.xcconfig"; path = "Target Support Files/Pods-MVVMwithRx/Pods-MVVMwithRx.release.xcconfig"; sourceTree = "<group>"; };
		9ADD71F0C635575CA54AB6B7 /* Pods_MVVMwithRx.framework */ = {isa = PBXFileReference; explicitFileType = wrapper.framework; includeInIndex = 0; path = Pods_MVVMwithRx.framework; sourceTree = BUILT_PRODUCTS_DIR; };
/* End PBXFileReference section */

/* Begin PBXFrameworksBuildPhase section */
		57862C6A226E79C0003689E7 /* Frameworks */ = {
			isa = PBXFrameworksBuildPhase;
			buildActionMask = 2147483647;
			files = (
				0357EA18A3680BB626B76A7D /* Pods_MVVMwithRx.framework in Frameworks */,
			);
			runOnlyForDeploymentPostprocessing = 0;
		};
/* End PBXFrameworksBuildPhase section */

/* Begin PBXGroup section */
		571BBF5422A252B300C9399E /* lTextValidation */ = {
			isa = PBXGroup;
			children = (
				5766258B229CF0B00072ACFB /* textValidationModel.swift */,
				57662589229CF0A30072ACFB /* textValidationViewModel.swift */,
				57662587229CF0910072ACFB /* textValidationViewController.swift */,
			);
			path = lTextValidation;
			sourceTree = "<group>";
		};
		571BBF5522A252DD00C9399E /* LoginValidation */ = {
			isa = PBXGroup;
			children = (
				57192846226FEE1C0036C60A /* Model.swift */,
				57862C82226E7EFB003689E7 /* ViewModel.swift */,
				57862C72226E79C0003689E7 /* ViewController.swift */,
			);
			path = LoginValidation;
			sourceTree = "<group>";
		};
		571BBF5622A252F800C9399E /* RxDataSource */ = {
			isa = PBXGroup;
			children = (
				578D9452228C457A0059C73F /* RxDataSourcesViewController.swift */,
				578D9450228C42E60059C73F /* RxDataSourcesViewModel.swift */,
				578D944E228C3EC30059C73F /* RxDatasourceModel.swift */,
			);
			path = RxDataSource;
			sourceTree = "<group>";
		};
		57862C64226E79C0003689E7 = {
			isa = PBXGroup;
			children = (
				57862C6F226E79C0003689E7 /* MVVMwithRx */,
				57862C6E226E79C0003689E7 /* Products */,
				B967937ECF4F9D7EC6380728 /* Pods */,
				93A8D698E97FEF852449FCFC /* Frameworks */,
			);
			sourceTree = "<group>";
		};
		57862C6E226E79C0003689E7 /* Products */ = {
			isa = PBXGroup;
			children = (
				57862C6D226E79C0003689E7 /* MVVMwithRx.app */,
			);
			name = Products;
			sourceTree = "<group>";
		};
		57862C6F226E79C0003689E7 /* MVVMwithRx */ = {
			isa = PBXGroup;
			children = (
				571BBF5522A252DD00C9399E /* LoginValidation */,
				571BBF5622A252F800C9399E /* RxDataSource */,
				571BBF5422A252B300C9399E /* lTextValidation */,
				57862C74226E79C0003689E7 /* Main.storyboard */,
				57862C70226E79C0003689E7 /* AppDelegate.swift */,
				57862C77226E79C3003689E7 /* Assets.xcassets */,
				57862C79226E79C3003689E7 /* LaunchScreen.storyboard */,
				57862C7C226E79C3003689E7 /* Info.plist */,
			);
			path = MVVMwithRx;
			sourceTree = "<group>";
		};
		93A8D698E97FEF852449FCFC /* Frameworks */ = {
			isa = PBXGroup;
			children = (
				9ADD71F0C635575CA54AB6B7 /* Pods_MVVMwithRx.framework */,
			);
			name = Frameworks;
			sourceTree = "<group>";
		};
		B967937ECF4F9D7EC6380728 /* Pods */ = {
			isa = PBXGroup;
			children = (
				398606B8CF2057E39C1D9E77 /* Pods-MVVMwithRx.debug.xcconfig */,
				6DA144FFA069D678F7E054CD /* Pods-MVVMwithRx.release.xcconfig */,
			);
			path = Pods;
			sourceTree = "<group>";
		};
/* End PBXGroup section */

/* Begin PBXNativeTarget section */
		57862C6C226E79C0003689E7 /* MVVMwithRx */ = {
			isa = PBXNativeTarget;
			buildConfigurationList = 57862C7F226E79C3003689E7 /* Build configuration list for PBXNativeTarget "MVVMwithRx" */;
			buildPhases = (
				E2CCC234F9103BF39A22F9A1 /* [CP] Check Pods Manifest.lock */,
				57862C69226E79C0003689E7 /* Sources */,
				57862C6A226E79C0003689E7 /* Frameworks */,
				57862C6B226E79C0003689E7 /* Resources */,
				8649226C87B908A09862F682 /* [CP] Embed Pods Frameworks */,
			);
			buildRules = (
			);
			dependencies = (
			);
			name = MVVMwithRx;
			productName = MVVMwithRx;
			productReference = 57862C6D226E79C0003689E7 /* MVVMwithRx.app */;
			productType = "com.apple.product-type.application";
		};
/* End PBXNativeTarget section */

/* Begin PBXProject section */
		57862C65226E79C0003689E7 /* Project object */ = {
			isa = PBXProject;
			attributes = {
				LastSwiftUpdateCheck = 1010;
				LastUpgradeCheck = 1010;
				ORGANIZATIONNAME = tomoya.suzuki;
				TargetAttributes = {
					57862C6C226E79C0003689E7 = {
						CreatedOnToolsVersion = 10.1;
					};
				};
			};
			buildConfigurationList = 57862C68226E79C0003689E7 /* Build configuration list for PBXProject "MVVMwithRx" */;
			compatibilityVersion = "Xcode 9.3";
			developmentRegion = en;
			hasScannedForEncodings = 0;
			knownRegions = (
				en,
				Base,
			);
			mainGroup = 57862C64226E79C0003689E7;
			productRefGroup = 57862C6E226E79C0003689E7 /* Products */;
			projectDirPath = "";
			projectRoot = "";
			targets = (
				57862C6C226E79C0003689E7 /* MVVMwithRx */,
			);
		};
/* End PBXProject section */

/* Begin PBXResourcesBuildPhase section */
		57862C6B226E79C0003689E7 /* Resources */ = {
			isa = PBXResourcesBuildPhase;
			buildActionMask = 2147483647;
			files = (
				57862C7B226E79C3003689E7 /* LaunchScreen.storyboard in Resources */,
				57862C78226E79C3003689E7 /* Assets.xcassets in Resources */,
				57862C76226E79C0003689E7 /* Main.storyboard in Resources */,
			);
			runOnlyForDeploymentPostprocessing = 0;
		};
/* End PBXResourcesBuildPhase section */

/* Begin PBXShellScriptBuildPhase section */
		8649226C87B908A09862F682 /* [CP] Embed Pods Frameworks */ = {
			isa = PBXShellScriptBuildPhase;
			buildActionMask = 2147483647;
			files = (
			);
			inputFileListPaths = (
			);
			inputPaths = (
				"${PODS_ROOT}/Target Support Files/Pods-MVVMwithRx/Pods-MVVMwithRx-frameworks.sh",
				"${BUILT_PRODUCTS_DIR}/Differentiator/Differentiator.framework",
				"${BUILT_PRODUCTS_DIR}/RxCocoa/RxCocoa.framework",
				"${BUILT_PRODUCTS_DIR}/RxDataSources/RxDataSources.framework",
				"${BUILT_PRODUCTS_DIR}/RxSwift/RxSwift.framework",
				"${BUILT_PRODUCTS_DIR}/SnapKit/SnapKit.framework",
				"${BUILT_PRODUCTS_DIR}/Swinject/Swinject.framework",
			);
			name = "[CP] Embed Pods Frameworks";
			outputFileListPaths = (
			);
			outputPaths = (
				"${TARGET_BUILD_DIR}/${FRAMEWORKS_FOLDER_PATH}/Differentiator.framework",
				"${TARGET_BUILD_DIR}/${FRAMEWORKS_FOLDER_PATH}/RxCocoa.framework",
				"${TARGET_BUILD_DIR}/${FRAMEWORKS_FOLDER_PATH}/RxDataSources.framework",
				"${TARGET_BUILD_DIR}/${FRAMEWORKS_FOLDER_PATH}/RxSwift.framework",
				"${TARGET_BUILD_DIR}/${FRAMEWORKS_FOLDER_PATH}/SnapKit.framework",
				"${TARGET_BUILD_DIR}/${FRAMEWORKS_FOLDER_PATH}/Swinject.framework",
			);
			runOnlyForDeploymentPostprocessing = 0;
			shellPath = /bin/sh;
			shellScript = "\"${PODS_ROOT}/Target Support Files/Pods-MVVMwithRx/Pods-MVVMwithRx-frameworks.sh\"\n";
			showEnvVarsInLog = 0;
		};
		E2CCC234F9103BF39A22F9A1 /* [CP] Check Pods Manifest.lock */ = {
			isa = PBXShellScriptBuildPhase;
			buildActionMask = 2147483647;
			files = (
			);
			inputFileListPaths = (
			);
			inputPaths = (
				"${PODS_PODFILE_DIR_PATH}/Podfile.lock",
				"${PODS_ROOT}/Manifest.lock",
			);
			name = "[CP] Check Pods Manifest.lock";
			outputFileListPaths = (
			);
			outputPaths = (
				"$(DERIVED_FILE_DIR)/Pods-MVVMwithRx-checkManifestLockResult.txt",
			);
			runOnlyForDeploymentPostprocessing = 0;
			shellPath = /bin/sh;
			shellScript = "diff \"${PODS_PODFILE_DIR_PATH}/Podfile.lock\" \"${PODS_ROOT}/Manifest.lock\" > /dev/null\nif [ $? != 0 ] ; then\n    # print error to STDERR\n    echo \"error: The sandbox is not in sync with the Podfile.lock. Run 'pod install' or update your CocoaPods installation.\" >&2\n    exit 1\nfi\n# This output is used by Xcode 'outputs' to avoid re-running this script phase.\necho \"SUCCESS\" > \"${SCRIPT_OUTPUT_FILE_0}\"\n";
			showEnvVarsInLog = 0;
		};
/* End PBXShellScriptBuildPhase section */

/* Begin PBXSourcesBuildPhase section */
		57862C69226E79C0003689E7 /* Sources */ = {
			isa = PBXSourcesBuildPhase;
			buildActionMask = 2147483647;
			files = (
				57862C73226E79C0003689E7 /* ViewController.swift in Sources */,
				578D9453228C457A0059C73F /* RxDataSourcesViewController.swift in Sources */,
				57862C83226E7EFB003689E7 /* ViewModel.swift in Sources */,
				57862C71226E79C0003689E7 /* AppDelegate.swift in Sources */,
				5766258A229CF0A30072ACFB /* textValidationViewModel.swift in Sources */,
				57662588229CF0910072ACFB /* textValidationViewController.swift in Sources */,
				578D9451228C42E60059C73F /* RxDataSourcesViewModel.swift in Sources */,
				5766258C229CF0B00072ACFB /* textValidationModel.swift in Sources */,
				57192847226FEE1C0036C60A /* Model.swift in Sources */,
				578D944F228C3EC30059C73F /* RxDatasourceModel.swift in Sources */,
			);
			runOnlyForDeploymentPostprocessing = 0;
		};
/* End PBXSourcesBuildPhase section */

/* Begin PBXVariantGroup section */
		57862C74226E79C0003689E7 /* Main.storyboard */ = {
			isa = PBXVariantGroup;
			children = (
				57862C75226E79C0003689E7 /* Base */,
			);
			name = Main.storyboard;
			sourceTree = "<group>";
		};
		57862C79226E79C3003689E7 /* LaunchScreen.storyboard */ = {
			isa = PBXVariantGroup;
			children = (
				57862C7A226E79C3003689E7 /* Base */,
			);
			name = LaunchScreen.storyboard;
			sourceTree = "<group>";
		};
/* End PBXVariantGroup section */

/* Begin XCBuildConfiguration section */
		57862C7D226E79C3003689E7 /* Debug */ = {
			isa = XCBuildConfiguration;
			buildSettings = {
				ALWAYS_SEARCH_USER_PATHS = NO;
				CLANG_ANALYZER_NONNULL = YES;
				CLANG_ANALYZER_NUMBER_OBJECT_CONVERSION = YES_AGGRESSIVE;
				CLANG_CXX_LANGUAGE_STANDARD = "gnu++14";
				CLANG_CXX_LIBRARY = "libc++";
				CLANG_ENABLE_MODULES = YES;
				CLANG_ENABLE_OBJC_ARC = YES;
				CLANG_ENABLE_OBJC_WEAK = YES;
				CLANG_WARN_BLOCK_CAPTURE_AUTORELEASING = YES;
				CLANG_WARN_BOOL_CONVERSION = YES;
				CLANG_WARN_COMMA = YES;
				CLANG_WARN_CONSTANT_CONVERSION = YES;
				CLANG_WARN_DEPRECATED_OBJC_IMPLEMENTATIONS = YES;
				CLANG_WARN_DIRECT_OBJC_ISA_USAGE = YES_ERROR;
				CLANG_WARN_DOCUMENTATION_COMMENTS = YES;
				CLANG_WARN_EMPTY_BODY = YES;
				CLANG_WARN_ENUM_CONVERSION = YES;
				CLANG_WARN_INFINITE_RECURSION = YES;
				CLANG_WARN_INT_CONVERSION = YES;
				CLANG_WARN_NON_LITERAL_NULL_CONVERSION = YES;
				CLANG_WARN_OBJC_IMPLICIT_RETAIN_SELF = YES;
				CLANG_WARN_OBJC_LITERAL_CONVERSION = YES;
				CLANG_WARN_OBJC_ROOT_CLASS = YES_ERROR;
				CLANG_WARN_RANGE_LOOP_ANALYSIS = YES;
				CLANG_WARN_STRICT_PROTOTYPES = YES;
				CLANG_WARN_SUSPICIOUS_MOVE = YES;
				CLANG_WARN_UNGUARDED_AVAILABILITY = YES_AGGRESSIVE;
				CLANG_WARN_UNREACHABLE_CODE = YES;
				CLANG_WARN__DUPLICATE_METHOD_MATCH = YES;
				CODE_SIGN_IDENTITY = "iPhone Developer";
				COPY_PHASE_STRIP = NO;
				DEBUG_INFORMATION_FORMAT = dwarf;
				ENABLE_STRICT_OBJC_MSGSEND = YES;
				ENABLE_TESTABILITY = YES;
				GCC_C_LANGUAGE_STANDARD = gnu11;
				GCC_DYNAMIC_NO_PIC = NO;
				GCC_NO_COMMON_BLOCKS = YES;
				GCC_OPTIMIZATION_LEVEL = 0;
				GCC_PREPROCESSOR_DEFINITIONS = (
					"DEBUG=1",
					"$(inherited)",
				);
				GCC_WARN_64_TO_32_BIT_CONVERSION = YES;
				GCC_WARN_ABOUT_RETURN_TYPE = YES_ERROR;
				GCC_WARN_UNDECLARED_SELECTOR = YES;
				GCC_WARN_UNINITIALIZED_AUTOS = YES_AGGRESSIVE;
				GCC_WARN_UNUSED_FUNCTION = YES;
				GCC_WARN_UNUSED_VARIABLE = YES;
				IPHONEOS_DEPLOYMENT_TARGET = 12.1;
				MTL_ENABLE_DEBUG_INFO = INCLUDE_SOURCE;
				MTL_FAST_MATH = YES;
				ONLY_ACTIVE_ARCH = YES;
				SDKROOT = iphoneos;
				SWIFT_ACTIVE_COMPILATION_CONDITIONS = DEBUG;
				SWIFT_OPTIMIZATION_LEVEL = "-Onone";
			};
			name = Debug;
		};
		57862C7E226E79C3003689E7 /* Release */ = {
			isa = XCBuildConfiguration;
			buildSettings = {
				ALWAYS_SEARCH_USER_PATHS = NO;
				CLANG_ANALYZER_NONNULL = YES;
				CLANG_ANALYZER_NUMBER_OBJECT_CONVERSION = YES_AGGRESSIVE;
				CLANG_CXX_LANGUAGE_STANDARD = "gnu++14";
				CLANG_CXX_LIBRARY = "libc++";
				CLANG_ENABLE_MODULES = YES;
				CLANG_ENABLE_OBJC_ARC = YES;
				CLANG_ENABLE_OBJC_WEAK = YES;
				CLANG_WARN_BLOCK_CAPTURE_AUTORELEASING = YES;
				CLANG_WARN_BOOL_CONVERSION = YES;
				CLANG_WARN_COMMA = YES;
				CLANG_WARN_CONSTANT_CONVERSION = YES;
				CLANG_WARN_DEPRECATED_OBJC_IMPLEMENTATIONS = YES;
				CLANG_WARN_DIRECT_OBJC_ISA_USAGE = YES_ERROR;
				CLANG_WARN_DOCUMENTATION_COMMENTS = YES;
				CLANG_WARN_EMPTY_BODY = YES;
				CLANG_WARN_ENUM_CONVERSION = YES;
				CLANG_WARN_INFINITE_RECURSION = YES;
				CLANG_WARN_INT_CONVERSION = YES;
				CLANG_WARN_NON_LITERAL_NULL_CONVERSION = YES;
				CLANG_WARN_OBJC_IMPLICIT_RETAIN_SELF = YES;
				CLANG_WARN_OBJC_LITERAL_CONVERSION = YES;
				CLANG_WARN_OBJC_ROOT_CLASS = YES_ERROR;
				CLANG_WARN_RANGE_LOOP_ANALYSIS = YES;
				CLANG_WARN_STRICT_PROTOTYPES = YES;
				CLANG_WARN_SUSPICIOUS_MOVE = YES;
				CLANG_WARN_UNGUARDED_AVAILABILITY = YES_AGGRESSIVE;
				CLANG_WARN_UNREACHABLE_CODE = YES;
				CLANG_WARN__DUPLICATE_METHOD_MATCH = YES;
				CODE_SIGN_IDENTITY = "iPhone Developer";
				COPY_PHASE_STRIP = NO;
				DEBUG_INFORMATION_FORMAT = "dwarf-with-dsym";
				ENABLE_NS_ASSERTIONS = NO;
				ENABLE_STRICT_OBJC_MSGSEND = YES;
				GCC_C_LANGUAGE_STANDARD = gnu11;
				GCC_NO_COMMON_BLOCKS = YES;
				GCC_WARN_64_TO_32_BIT_CONVERSION = YES;
				GCC_WARN_ABOUT_RETURN_TYPE = YES_ERROR;
				GCC_WARN_UNDECLARED_SELECTOR = YES;
				GCC_WARN_UNINITIALIZED_AUTOS = YES_AGGRESSIVE;
				GCC_WARN_UNUSED_FUNCTION = YES;
				GCC_WARN_UNUSED_VARIABLE = YES;
				IPHONEOS_DEPLOYMENT_TARGET = 12.1;
				MTL_ENABLE_DEBUG_INFO = NO;
				MTL_FAST_MATH = YES;
				SDKROOT = iphoneos;
				SWIFT_COMPILATION_MODE = wholemodule;
				SWIFT_OPTIMIZATION_LEVEL = "-O";
				VALIDATE_PRODUCT = YES;
			};
			name = Release;
		};
		57862C80226E79C3003689E7 /* Debug */ = {
			isa = XCBuildConfiguration;
			baseConfigurationReference = 398606B8CF2057E39C1D9E77 /* Pods-MVVMwithRx.debug.xcconfig */;
			buildSettings = {
				ASSETCATALOG_COMPILER_APPICON_NAME = AppIcon;
				CODE_SIGN_STYLE = Automatic;
				DEVELOPMENT_TEAM = GU9D57Q492;
				INFOPLIST_FILE = MVVMwithRx/Info.plist;
				LD_RUNPATH_SEARCH_PATHS = (
					"$(inherited)",
					"@executable_path/Frameworks",
				);
				PRODUCT_BUNDLE_IDENTIFIER = jp.tomoya.suzuki.MVVMwithRx;
				PRODUCT_NAME = "$(TARGET_NAME)";
				SWIFT_VERSION = 4.2;
				TARGETED_DEVICE_FAMILY = "1,2";
			};
			name = Debug;
		};
		57862C81226E79C3003689E7 /* Release */ = {
			isa = XCBuildConfiguration;
			baseConfigurationReference = 6DA144FFA069D678F7E054CD /* Pods-MVVMwithRx.release.xcconfig */;
			buildSettings = {
				ASSETCATALOG_COMPILER_APPICON_NAME = AppIcon;
				CODE_SIGN_STYLE = Automatic;
				DEVELOPMENT_TEAM = GU9D57Q492;
				INFOPLIST_FILE = MVVMwithRx/Info.plist;
				LD_RUNPATH_SEARCH_PATHS = (
					"$(inherited)",
					"@executable_path/Frameworks",
				);
				PRODUCT_BUNDLE_IDENTIFIER = jp.tomoya.suzuki.MVVMwithRx;
				PRODUCT_NAME = "$(TARGET_NAME)";
				SWIFT_VERSION = 4.2;
				TARGETED_DEVICE_FAMILY = "1,2";
			};
			name = Release;
		};
/* End XCBuildConfiguration section */

/* Begin XCConfigurationList section */
		57862C68226E79C0003689E7 /* Build configuration list for PBXProject "MVVMwithRx" */ = {
			isa = XCConfigurationList;
			buildConfigurations = (
				57862C7D226E79C3003689E7 /* Debug */,
				57862C7E226E79C3003689E7 /* Release */,
			);
			defaultConfigurationIsVisible = 0;
			defaultConfigurationName = Release;
		};
		57862C7F226E79C3003689E7 /* Build configuration list for PBXNativeTarget "MVVMwithRx" */ = {
			isa = XCConfigurationList;
			buildConfigurations = (
				57862C80226E79C3003689E7 /* Debug */,
				57862C81226E79C3003689E7 /* Release */,
			);
			defaultConfigurationIsVisible = 0;
			defaultConfigurationName = Release;
		};
/* End XCConfigurationList section */
	};
	rootObject = 57862C65226E79C0003689E7 /* Project object */;
}
